<?xml version="1.0" encoding="utf-8"?>
<Project ToolsVersion="4.0" xmlns="http://schemas.microsoft.com/developer/msbuild/2003">
  <ItemGroup>
    <Filter Include="Pliki nagłówkowe">
      <UniqueIdentifier>{93995380-89BD-4b04-88EB-625FBE52EBFB}</UniqueIdentifier>
      <Extensions>h;hh;hpp;hxx;h++;hm;inl;inc;ipp;xsd</Extensions>
    </Filter>
    <Filter Include="Pliki zasobów">
      <UniqueIdentifier>{67DA6AB6-F800-4c08-8B7A-83BB121AAD01}</UniqueIdentifier>
      <Extensions>rc;ico;cur;bmp;dlg;rc2;rct;bin;rgs;gif;jpg;jpeg;jpe;resx;tiff;tif;png;wav;mfcribbon-ms</Extensions>
    </Filter>
    <Filter Include="Pliki zasobów\Shaders">
      <UniqueIdentifier>{05e2287e-fc3a-4da1-8c1a-2d56d6832f95}</UniqueIdentifier>
    </Filter>
    <Filter Include="Pliki zasobów\Textures">
      <UniqueIdentifier>{374ef0fb-7f72-411b-bc85-90ee9193b811}</UniqueIdentifier>
    </Filter>
    <Filter Include="Pliki zrodlowe">
      <UniqueIdentifier>{4FC737F1-C7A5-4376-A066-2A32D752A2FF}</UniqueIdentifier>
      <Extensions>cpp;c;cc;cxx;c++;cppm;ixx;def;odl;idl;hpj;bat;asm;asmx</Extensions>
    </Filter>
  </ItemGroup>
  <ItemGroup>
    <ClCompile Include="windowBad.cpp">
      <Filter>Pliki zrodlowe</Filter>
    </ClCompile>
    <ClCompile Include="glad.c">
      <Filter>Pliki zrodlowe</Filter>
    </ClCompile>
    <ClCompile Include="shaderClass.cpp">
      <Filter>Pliki zrodlowe</Filter>
    </ClCompile>
    <ClCompile Include="VBO.cpp">
      <Filter>Pliki zrodlowe</Filter>
    </ClCompile>
    <ClCompile Include="EBO.cpp">
      <Filter>Pliki zrodlowe</Filter>
    </ClCompile>
    <ClCompile Include="VAO.cpp">
      <Filter>Pliki zrodlowe</Filter>
    </ClCompile>
    <ClCompile Include="stb.cpp">
      <Filter>Pliki zrodlowe</Filter>
    </ClCompile>
    <ClCompile Include="texture.cpp">
      <Filter>Pliki zrodlowe</Filter>
    </ClCompile>
    <ClCompile Include="Camera.cpp">
      <Filter>Pliki zrodlowe</Filter>
    </ClCompile>
    <ClCompile Include="oldMain.cpp">
      <Filter>Pliki zrodlowe</Filter>
    </ClCompile>
    <ClCompile Include="Box.cpp">
      <Filter>Pliki zrodlowe</Filter>
    </ClCompile>
    <ClCompile Include="main.cpp">
      <Filter>Pliki zrodlowe</Filter>
    </ClCompile>
  </ItemGroup>
  <ItemGroup>
    <None Include="default.vert">
      <Filter>Pliki zasobów\Shaders</Filter>
    </None>
    <None Include="default.frag">
      <Filter>Pliki zasobów\Shaders</Filter>
    </None>
    <None Include="light.frag">
      <Filter>Pliki zasobów\Shaders</Filter>
    </None>
    <None Include="light.vert">
      <Filter>Pliki zasobów\Shaders</Filter>
    </None>
    <None Include="kolorSwiatlo.frag">
      <Filter>Pliki zasobów\Shaders</Filter>
    </None>
  </ItemGroup>
  <ItemGroup>
    <ClInclude Include="ShaderClass.h">
      <Filter>Pliki nagłówkowe</Filter>
    </ClInclude>
    <ClInclude Include="VBO.h">
      <Filter>Pliki nagłówkowe</Filter>
    </ClInclude>
    <ClInclude Include="EBO.h">
      <Filter>Pliki nagłówkowe</Filter>
    </ClInclude>
    <ClInclude Include="VAO.h">
      <Filter>Pliki nagłówkowe</Filter>
    </ClInclude>
    <ClInclude Include="Texture.h">
      <Filter>Pliki nagłówkowe</Filter>
    </ClInclude>
    <ClInclude Include="camera.h">
      <Filter>Pliki nagłówkowe</Filter>
    </ClInclude>
  </ItemGroup>
  <ItemGroup>
    <Image Include="deer.jpg">
      <Filter>Pliki zasobów\Textures</Filter>
    </Image>
    <Image Include="..\..\..\Desktop\pies.png">
      <Filter>Pliki zasobów\Textures</Filter>
    </Image>
    <Image Include="..\..\..\Desktop\ps.png">
      <Filter>Pliki zasobów\Textures</Filter>
    </Image>
    <Image Include="dawid.png">
      <Filter>Pliki zasobów\Textures</Filter>
    </Image>
    <Image Include="wood.png">
      <Filter>Pliki zasobów\Textures</Filter>
    </Image>
  </ItemGroup>
  <ItemGroup>
    <Text Include="kolorSwiatlo.vert">
      <Filter>Pliki zasobów\Shaders</Filter>
    </Text>
    <Text Include="verts.txt">
      <Filter>Pliki zrodlowe</Filter>
    </Text>
  </ItemGroup>
</Project>